// !$*UTF8*$!
{
	archiveVersion = 1;
	classes = {
	};
	objectVersion = 46;
	objects = {

/* Begin PBXBuildFile section */
		607FACD61AFB9204008FA782 /* AppDelegate.swift in Sources */ = {isa = PBXBuildFile; fileRef = 607FACD51AFB9204008FA782 /* AppDelegate.swift */; };
		607FACD81AFB9204008FA782 /* ViewController.swift in Sources */ = {isa = PBXBuildFile; fileRef = 607FACD71AFB9204008FA782 /* ViewController.swift */; };
		607FACDB1AFB9204008FA782 /* Main.storyboard in Resources */ = {isa = PBXBuildFile; fileRef = 607FACD91AFB9204008FA782 /* Main.storyboard */; };
		607FACDD1AFB9204008FA782 /* Images.xcassets in Resources */ = {isa = PBXBuildFile; fileRef = 607FACDC1AFB9204008FA782 /* Images.xcassets */; };
		607FACE01AFB9204008FA782 /* LaunchScreen.xib in Resources */ = {isa = PBXBuildFile; fileRef = 607FACDE1AFB9204008FA782 /* LaunchScreen.xib */; };
		7169AE1B1EF5EB8B00313EB8 /* Okta.plist in Resources */ = {isa = PBXBuildFile; fileRef = 7169AE1A1EF5EB8B00313EB8 /* Okta.plist */; };
		7173E8391F97F10D008BC82A /* Okta-PasswordFlow.plist in Resources */ = {isa = PBXBuildFile; fileRef = 7173E8381F97F10D008BC82A /* Okta-PasswordFlow.plist */; };
		A6DEABBD201A132F0022AC32 /* WKWebViewController.swift in Sources */ = {isa = PBXBuildFile; fileRef = A6DEABBC201A132F0022AC32 /* WKWebViewController.swift */; };
		A6DEABCA201A16110022AC32 /* OktaAuth.swift in Sources */ = {isa = PBXBuildFile; fileRef = A6DEABBF201A160E0022AC32 /* OktaAuth.swift */; };
		A6DEABCB201A16110022AC32 /* OktaIntrospection.swift in Sources */ = {isa = PBXBuildFile; fileRef = A6DEABC0201A160F0022AC32 /* OktaIntrospection.swift */; };
		A6DEABCC201A16110022AC32 /* OktaAppAuth.swift in Sources */ = {isa = PBXBuildFile; fileRef = A6DEABC1201A160F0022AC32 /* OktaAppAuth.swift */; };
		A6DEABCD201A16110022AC32 /* OktaError.swift in Sources */ = {isa = PBXBuildFile; fileRef = A6DEABC2201A160F0022AC32 /* OktaError.swift */; };
		A6DEABCE201A16110022AC32 /* OktaKeychain.swift in Sources */ = {isa = PBXBuildFile; fileRef = A6DEABC3201A160F0022AC32 /* OktaKeychain.swift */; };
		A6DEABCF201A16110022AC32 /* OktaUserInfo.swift in Sources */ = {isa = PBXBuildFile; fileRef = A6DEABC4201A160F0022AC32 /* OktaUserInfo.swift */; };
		A6DEABD0201A16110022AC32 /* OktaUtils.swift in Sources */ = {isa = PBXBuildFile; fileRef = A6DEABC5201A16100022AC32 /* OktaUtils.swift */; };
		A6DEABD1201A16110022AC32 /* OktaRevoke.swift in Sources */ = {isa = PBXBuildFile; fileRef = A6DEABC6201A16100022AC32 /* OktaRevoke.swift */; };
		A6DEABD2201A16110022AC32 /* OktaLogin.swift in Sources */ = {isa = PBXBuildFile; fileRef = A6DEABC7201A16100022AC32 /* OktaLogin.swift */; };
		A6DEABD3201A16110022AC32 /* OktaApi.swift in Sources */ = {isa = PBXBuildFile; fileRef = A6DEABC8201A16100022AC32 /* OktaApi.swift */; };
		A6DEABD4201A16110022AC32 /* OktaTokenManager.swift in Sources */ = {isa = PBXBuildFile; fileRef = A6DEABC9201A16110022AC32 /* OktaTokenManager.swift */; };
		A6DEAC05201A16630022AC32 /* OIDAuthorizationResponse.m in Sources */ = {isa = PBXBuildFile; fileRef = A6DEABD8201A165D0022AC32 /* OIDAuthorizationResponse.m */; };
		A6DEAC06201A16630022AC32 /* OIDTokenUtilities.m in Sources */ = {isa = PBXBuildFile; fileRef = A6DEABDC201A165D0022AC32 /* OIDTokenUtilities.m */; };
		A6DEAC07201A16630022AC32 /* OIDRegistrationResponse.m in Sources */ = {isa = PBXBuildFile; fileRef = A6DEABDD201A165D0022AC32 /* OIDRegistrationResponse.m */; };
		A6DEAC08201A16630022AC32 /* OIDError.m in Sources */ = {isa = PBXBuildFile; fileRef = A6DEABE1201A165E0022AC32 /* OIDError.m */; };
		A6DEAC09201A16630022AC32 /* OIDErrorUtilities.m in Sources */ = {isa = PBXBuildFile; fileRef = A6DEABE3201A165E0022AC32 /* OIDErrorUtilities.m */; };
		A6DEAC0A201A16630022AC32 /* OIDGrantTypes.m in Sources */ = {isa = PBXBuildFile; fileRef = A6DEABE4201A165E0022AC32 /* OIDGrantTypes.m */; };
		A6DEAC0B201A16630022AC32 /* OIDRegistrationRequest.m in Sources */ = {isa = PBXBuildFile; fileRef = A6DEABE6201A165E0022AC32 /* OIDRegistrationRequest.m */; };
		A6DEAC0C201A16630022AC32 /* OIDScopeUtilities.m in Sources */ = {isa = PBXBuildFile; fileRef = A6DEABE7201A165E0022AC32 /* OIDScopeUtilities.m */; };
		A6DEAC0D201A16630022AC32 /* OIDTokenResponse.m in Sources */ = {isa = PBXBuildFile; fileRef = A6DEABEA201A165F0022AC32 /* OIDTokenResponse.m */; };
		A6DEAC0E201A16630022AC32 /* OIDServiceDiscovery.m in Sources */ = {isa = PBXBuildFile; fileRef = A6DEABEB201A165F0022AC32 /* OIDServiceDiscovery.m */; };
		A6DEAC0F201A16630022AC32 /* OIDFieldMapping.m in Sources */ = {isa = PBXBuildFile; fileRef = A6DEABEE201A165F0022AC32 /* OIDFieldMapping.m */; };
		A6DEAC10201A16630022AC32 /* OIDScopes.m in Sources */ = {isa = PBXBuildFile; fileRef = A6DEABF0201A165F0022AC32 /* OIDScopes.m */; };
		A6DEAC11201A16630022AC32 /* OIDAuthorizationService.m in Sources */ = {isa = PBXBuildFile; fileRef = A6DEABF1201A165F0022AC32 /* OIDAuthorizationService.m */; };
		A6DEAC12201A16630022AC32 /* OIDURLQueryComponent.m in Sources */ = {isa = PBXBuildFile; fileRef = A6DEABF3201A16600022AC32 /* OIDURLQueryComponent.m */; };
		A6DEAC13201A16630022AC32 /* OIDAuthorizationRequest.m in Sources */ = {isa = PBXBuildFile; fileRef = A6DEABF6201A16600022AC32 /* OIDAuthorizationRequest.m */; };
		A6DEAC14201A16630022AC32 /* OIDResponseTypes.m in Sources */ = {isa = PBXBuildFile; fileRef = A6DEABF7201A16600022AC32 /* OIDResponseTypes.m */; };
		A6DEAC15201A16630022AC32 /* OIDServiceConfiguration.m in Sources */ = {isa = PBXBuildFile; fileRef = A6DEABF8201A16610022AC32 /* OIDServiceConfiguration.m */; };
		A6DEAC16201A16630022AC32 /* OIDAuthState.m in Sources */ = {isa = PBXBuildFile; fileRef = A6DEABF9201A16610022AC32 /* OIDAuthState.m */; };
		A6DEAC17201A16630022AC32 /* OIDTokenRequest.m in Sources */ = {isa = PBXBuildFile; fileRef = A6DEABFD201A16610022AC32 /* OIDTokenRequest.m */; };
		A6DEAC18201A16630022AC32 /* OIDClientMetadataParameters.m in Sources */ = {isa = PBXBuildFile; fileRef = A6DEAC04201A16630022AC32 /* OIDClientMetadataParameters.m */; };
		A6DEAC1F201A16740022AC32 /* OIDAuthorizationUICoordinatorIOS.m in Sources */ = {isa = PBXBuildFile; fileRef = A6DEAC1B201A16740022AC32 /* OIDAuthorizationUICoordinatorIOS.m */; };
		A6DEAC20201A16740022AC32 /* OIDAuthState+IOS.m in Sources */ = {isa = PBXBuildFile; fileRef = A6DEAC1C201A16740022AC32 /* OIDAuthState+IOS.m */; };
		A6DEAC21201A16740022AC32 /* OIDAuthorizationService+IOS.m in Sources */ = {isa = PBXBuildFile; fileRef = A6DEAC1D201A16740022AC32 /* OIDAuthorizationService+IOS.m */; };
/* End PBXBuildFile section */

/* Begin PBXFileReference section */
		373F2D6C1A0A57F307B30B30 /* README.md */ = {isa = PBXFileReference; includeInIndex = 1; lastKnownFileType = net.daringfireball.markdown; name = README.md; path = ../README.md; sourceTree = "<group>"; };
		607FACD01AFB9204008FA782 /* Okta_Example.app */ = {isa = PBXFileReference; explicitFileType = wrapper.application; includeInIndex = 0; path = Okta_Example.app; sourceTree = BUILT_PRODUCTS_DIR; };
		607FACD41AFB9204008FA782 /* Info.plist */ = {isa = PBXFileReference; lastKnownFileType = text.plist.xml; path = Info.plist; sourceTree = "<group>"; };
		607FACD51AFB9204008FA782 /* AppDelegate.swift */ = {isa = PBXFileReference; lastKnownFileType = sourcecode.swift; path = AppDelegate.swift; sourceTree = "<group>"; };
		607FACD71AFB9204008FA782 /* ViewController.swift */ = {isa = PBXFileReference; lastKnownFileType = sourcecode.swift; path = ViewController.swift; sourceTree = "<group>"; };
		607FACDA1AFB9204008FA782 /* Base */ = {isa = PBXFileReference; lastKnownFileType = file.storyboard; name = Base; path = Base.lproj/Main.storyboard; sourceTree = "<group>"; };
		607FACDC1AFB9204008FA782 /* Images.xcassets */ = {isa = PBXFileReference; lastKnownFileType = folder.assetcatalog; path = Images.xcassets; sourceTree = "<group>"; };
		607FACDF1AFB9204008FA782 /* Base */ = {isa = PBXFileReference; lastKnownFileType = file.xib; name = Base; path = Base.lproj/LaunchScreen.xib; sourceTree = "<group>"; };
		7169AE1A1EF5EB8B00313EB8 /* Okta.plist */ = {isa = PBXFileReference; fileEncoding = 4; lastKnownFileType = text.plist.xml; path = Okta.plist; sourceTree = "<group>"; };
		7173E8381F97F10D008BC82A /* Okta-PasswordFlow.plist */ = {isa = PBXFileReference; lastKnownFileType = text.plist.xml; path = "Okta-PasswordFlow.plist"; sourceTree = "<group>"; };
		A6DEABBC201A132F0022AC32 /* WKWebViewController.swift */ = {isa = PBXFileReference; lastKnownFileType = sourcecode.swift; path = WKWebViewController.swift; sourceTree = "<group>"; };
		A6DEABBF201A160E0022AC32 /* OktaAuth.swift */ = {isa = PBXFileReference; lastKnownFileType = sourcecode.swift; path = OktaAuth.swift; sourceTree = "<group>"; };
		A6DEABC0201A160F0022AC32 /* OktaIntrospection.swift */ = {isa = PBXFileReference; lastKnownFileType = sourcecode.swift; path = OktaIntrospection.swift; sourceTree = "<group>"; };
		A6DEABC1201A160F0022AC32 /* OktaAppAuth.swift */ = {isa = PBXFileReference; lastKnownFileType = sourcecode.swift; path = OktaAppAuth.swift; sourceTree = "<group>"; };
		A6DEABC2201A160F0022AC32 /* OktaError.swift */ = {isa = PBXFileReference; lastKnownFileType = sourcecode.swift; path = OktaError.swift; sourceTree = "<group>"; };
		A6DEABC3201A160F0022AC32 /* OktaKeychain.swift */ = {isa = PBXFileReference; lastKnownFileType = sourcecode.swift; path = OktaKeychain.swift; sourceTree = "<group>"; };
		A6DEABC4201A160F0022AC32 /* OktaUserInfo.swift */ = {isa = PBXFileReference; lastKnownFileType = sourcecode.swift; path = OktaUserInfo.swift; sourceTree = "<group>"; };
		A6DEABC5201A16100022AC32 /* OktaUtils.swift */ = {isa = PBXFileReference; lastKnownFileType = sourcecode.swift; path = OktaUtils.swift; sourceTree = "<group>"; };
		A6DEABC6201A16100022AC32 /* OktaRevoke.swift */ = {isa = PBXFileReference; lastKnownFileType = sourcecode.swift; path = OktaRevoke.swift; sourceTree = "<group>"; };
		A6DEABC7201A16100022AC32 /* OktaLogin.swift */ = {isa = PBXFileReference; lastKnownFileType = sourcecode.swift; path = OktaLogin.swift; sourceTree = "<group>"; };
		A6DEABC8201A16100022AC32 /* OktaApi.swift */ = {isa = PBXFileReference; lastKnownFileType = sourcecode.swift; path = OktaApi.swift; sourceTree = "<group>"; };
		A6DEABC9201A16110022AC32 /* OktaTokenManager.swift */ = {isa = PBXFileReference; lastKnownFileType = sourcecode.swift; path = OktaTokenManager.swift; sourceTree = "<group>"; };
		A6DEABD7201A165D0022AC32 /* Okta_Example-Bridging-Header.h */ = {isa = PBXFileReference; lastKnownFileType = sourcecode.c.h; path = "Okta_Example-Bridging-Header.h"; sourceTree = "<group>"; };
		A6DEABD8201A165D0022AC32 /* OIDAuthorizationResponse.m */ = {isa = PBXFileReference; fileEncoding = 4; lastKnownFileType = sourcecode.c.objc; name = OIDAuthorizationResponse.m; path = Okta/AppAuth/OIDAuthorizationResponse.m; sourceTree = SOURCE_ROOT; };
		A6DEABD9201A165D0022AC32 /* OIDTokenRequest.h */ = {isa = PBXFileReference; fileEncoding = 4; lastKnownFileType = sourcecode.c.h; name = OIDTokenRequest.h; path = Okta/AppAuth/OIDTokenRequest.h; sourceTree = SOURCE_ROOT; };
		A6DEABDA201A165D0022AC32 /* OIDTokenResponse.h */ = {isa = PBXFileReference; fileEncoding = 4; lastKnownFileType = sourcecode.c.h; name = OIDTokenResponse.h; path = Okta/AppAuth/OIDTokenResponse.h; sourceTree = SOURCE_ROOT; };
		A6DEABDB201A165D0022AC32 /* OIDTokenUtilities.h */ = {isa = PBXFileReference; fileEncoding = 4; lastKnownFileType = sourcecode.c.h; name = OIDTokenUtilities.h; path = Okta/AppAuth/OIDTokenUtilities.h; sourceTree = SOURCE_ROOT; };
		A6DEABDC201A165D0022AC32 /* OIDTokenUtilities.m */ = {isa = PBXFileReference; fileEncoding = 4; lastKnownFileType = sourcecode.c.objc; name = OIDTokenUtilities.m; path = Okta/AppAuth/OIDTokenUtilities.m; sourceTree = SOURCE_ROOT; };
		A6DEABDD201A165D0022AC32 /* OIDRegistrationResponse.m */ = {isa = PBXFileReference; fileEncoding = 4; lastKnownFileType = sourcecode.c.objc; name = OIDRegistrationResponse.m; path = Okta/AppAuth/OIDRegistrationResponse.m; sourceTree = SOURCE_ROOT; };
		A6DEABDE201A165D0022AC32 /* OIDServiceConfiguration.h */ = {isa = PBXFileReference; fileEncoding = 4; lastKnownFileType = sourcecode.c.h; name = OIDServiceConfiguration.h; path = Okta/AppAuth/OIDServiceConfiguration.h; sourceTree = SOURCE_ROOT; };
		A6DEABDF201A165E0022AC32 /* OIDResponseTypes.h */ = {isa = PBXFileReference; fileEncoding = 4; lastKnownFileType = sourcecode.c.h; name = OIDResponseTypes.h; path = Okta/AppAuth/OIDResponseTypes.h; sourceTree = SOURCE_ROOT; };
		A6DEABE0201A165E0022AC32 /* OIDScopes.h */ = {isa = PBXFileReference; fileEncoding = 4; lastKnownFileType = sourcecode.c.h; name = OIDScopes.h; path = Okta/AppAuth/OIDScopes.h; sourceTree = SOURCE_ROOT; };
		A6DEABE1201A165E0022AC32 /* OIDError.m */ = {isa = PBXFileReference; fileEncoding = 4; lastKnownFileType = sourcecode.c.objc; name = OIDError.m; path = Okta/AppAuth/OIDError.m; sourceTree = SOURCE_ROOT; };
		A6DEABE2201A165E0022AC32 /* OIDGrantTypes.h */ = {isa = PBXFileReference; fileEncoding = 4; lastKnownFileType = sourcecode.c.h; name = OIDGrantTypes.h; path = Okta/AppAuth/OIDGrantTypes.h; sourceTree = SOURCE_ROOT; };
		A6DEABE3201A165E0022AC32 /* OIDErrorUtilities.m */ = {isa = PBXFileReference; fileEncoding = 4; lastKnownFileType = sourcecode.c.objc; name = OIDErrorUtilities.m; path = Okta/AppAuth/OIDErrorUtilities.m; sourceTree = SOURCE_ROOT; };
		A6DEABE4201A165E0022AC32 /* OIDGrantTypes.m */ = {isa = PBXFileReference; fileEncoding = 4; lastKnownFileType = sourcecode.c.objc; name = OIDGrantTypes.m; path = Okta/AppAuth/OIDGrantTypes.m; sourceTree = SOURCE_ROOT; };
		A6DEABE5201A165E0022AC32 /* AppAuth.h */ = {isa = PBXFileReference; fileEncoding = 4; lastKnownFileType = sourcecode.c.h; name = AppAuth.h; path = Okta/AppAuth/AppAuth.h; sourceTree = SOURCE_ROOT; };
		A6DEABE6201A165E0022AC32 /* OIDRegistrationRequest.m */ = {isa = PBXFileReference; fileEncoding = 4; lastKnownFileType = sourcecode.c.objc; name = OIDRegistrationRequest.m; path = Okta/AppAuth/OIDRegistrationRequest.m; sourceTree = SOURCE_ROOT; };
		A6DEABE7201A165E0022AC32 /* OIDScopeUtilities.m */ = {isa = PBXFileReference; fileEncoding = 4; lastKnownFileType = sourcecode.c.objc; name = OIDScopeUtilities.m; path = Okta/AppAuth/OIDScopeUtilities.m; sourceTree = SOURCE_ROOT; };
		A6DEABE8201A165E0022AC32 /* OIDRegistrationResponse.h */ = {isa = PBXFileReference; fileEncoding = 4; lastKnownFileType = sourcecode.c.h; name = OIDRegistrationResponse.h; path = Okta/AppAuth/OIDRegistrationResponse.h; sourceTree = SOURCE_ROOT; };
		A6DEABE9201A165F0022AC32 /* OIDError.h */ = {isa = PBXFileReference; fileEncoding = 4; lastKnownFileType = sourcecode.c.h; name = OIDError.h; path = Okta/AppAuth/OIDError.h; sourceTree = SOURCE_ROOT; };
		A6DEABEA201A165F0022AC32 /* OIDTokenResponse.m */ = {isa = PBXFileReference; fileEncoding = 4; lastKnownFileType = sourcecode.c.objc; name = OIDTokenResponse.m; path = Okta/AppAuth/OIDTokenResponse.m; sourceTree = SOURCE_ROOT; };
		A6DEABEB201A165F0022AC32 /* OIDServiceDiscovery.m */ = {isa = PBXFileReference; fileEncoding = 4; lastKnownFileType = sourcecode.c.objc; name = OIDServiceDiscovery.m; path = Okta/AppAuth/OIDServiceDiscovery.m; sourceTree = SOURCE_ROOT; };
		A6DEABEC201A165F0022AC32 /* OIDAuthorizationResponse.h */ = {isa = PBXFileReference; fileEncoding = 4; lastKnownFileType = sourcecode.c.h; name = OIDAuthorizationResponse.h; path = Okta/AppAuth/OIDAuthorizationResponse.h; sourceTree = SOURCE_ROOT; };
		A6DEABED201A165F0022AC32 /* OIDFieldMapping.h */ = {isa = PBXFileReference; fileEncoding = 4; lastKnownFileType = sourcecode.c.h; name = OIDFieldMapping.h; path = Okta/AppAuth/OIDFieldMapping.h; sourceTree = SOURCE_ROOT; };
		A6DEABEE201A165F0022AC32 /* OIDFieldMapping.m */ = {isa = PBXFileReference; fileEncoding = 4; lastKnownFileType = sourcecode.c.objc; name = OIDFieldMapping.m; path = Okta/AppAuth/OIDFieldMapping.m; sourceTree = SOURCE_ROOT; };
		A6DEABEF201A165F0022AC32 /* OIDRegistrationRequest.h */ = {isa = PBXFileReference; fileEncoding = 4; lastKnownFileType = sourcecode.c.h; name = OIDRegistrationRequest.h; path = Okta/AppAuth/OIDRegistrationRequest.h; sourceTree = SOURCE_ROOT; };
		A6DEABF0201A165F0022AC32 /* OIDScopes.m */ = {isa = PBXFileReference; fileEncoding = 4; lastKnownFileType = sourcecode.c.objc; name = OIDScopes.m; path = Okta/AppAuth/OIDScopes.m; sourceTree = SOURCE_ROOT; };
		A6DEABF1201A165F0022AC32 /* OIDAuthorizationService.m */ = {isa = PBXFileReference; fileEncoding = 4; lastKnownFileType = sourcecode.c.objc; name = OIDAuthorizationService.m; path = Okta/AppAuth/OIDAuthorizationService.m; sourceTree = SOURCE_ROOT; };
		A6DEABF2201A16600022AC32 /* OIDURLQueryComponent.h */ = {isa = PBXFileReference; fileEncoding = 4; lastKnownFileType = sourcecode.c.h; name = OIDURLQueryComponent.h; path = Okta/AppAuth/OIDURLQueryComponent.h; sourceTree = SOURCE_ROOT; };
		A6DEABF3201A16600022AC32 /* OIDURLQueryComponent.m */ = {isa = PBXFileReference; fileEncoding = 4; lastKnownFileType = sourcecode.c.objc; name = OIDURLQueryComponent.m; path = Okta/AppAuth/OIDURLQueryComponent.m; sourceTree = SOURCE_ROOT; };
		A6DEABF4201A16600022AC32 /* OIDAuthorizationService.h */ = {isa = PBXFileReference; fileEncoding = 4; lastKnownFileType = sourcecode.c.h; name = OIDAuthorizationService.h; path = Okta/AppAuth/OIDAuthorizationService.h; sourceTree = SOURCE_ROOT; };
		A6DEABF5201A16600022AC32 /* OIDErrorUtilities.h */ = {isa = PBXFileReference; fileEncoding = 4; lastKnownFileType = sourcecode.c.h; name = OIDErrorUtilities.h; path = Okta/AppAuth/OIDErrorUtilities.h; sourceTree = SOURCE_ROOT; };
		A6DEABF6201A16600022AC32 /* OIDAuthorizationRequest.m */ = {isa = PBXFileReference; fileEncoding = 4; lastKnownFileType = sourcecode.c.objc; name = OIDAuthorizationRequest.m; path = Okta/AppAuth/OIDAuthorizationRequest.m; sourceTree = SOURCE_ROOT; };
		A6DEABF7201A16600022AC32 /* OIDResponseTypes.m */ = {isa = PBXFileReference; fileEncoding = 4; lastKnownFileType = sourcecode.c.objc; name = OIDResponseTypes.m; path = Okta/AppAuth/OIDResponseTypes.m; sourceTree = SOURCE_ROOT; };
		A6DEABF8201A16610022AC32 /* OIDServiceConfiguration.m */ = {isa = PBXFileReference; fileEncoding = 4; lastKnownFileType = sourcecode.c.objc; name = OIDServiceConfiguration.m; path = Okta/AppAuth/OIDServiceConfiguration.m; sourceTree = SOURCE_ROOT; };
		A6DEABF9201A16610022AC32 /* OIDAuthState.m */ = {isa = PBXFileReference; fileEncoding = 4; lastKnownFileType = sourcecode.c.objc; name = OIDAuthState.m; path = Okta/AppAuth/OIDAuthState.m; sourceTree = SOURCE_ROOT; };
		A6DEABFA201A16610022AC32 /* OIDServiceDiscovery.h */ = {isa = PBXFileReference; fileEncoding = 4; lastKnownFileType = sourcecode.c.h; name = OIDServiceDiscovery.h; path = Okta/AppAuth/OIDServiceDiscovery.h; sourceTree = SOURCE_ROOT; };
		A6DEABFB201A16610022AC32 /* OIDAuthorizationRequest.h */ = {isa = PBXFileReference; fileEncoding = 4; lastKnownFileType = sourcecode.c.h; name = OIDAuthorizationRequest.h; path = Okta/AppAuth/OIDAuthorizationRequest.h; sourceTree = SOURCE_ROOT; };
		A6DEABFC201A16610022AC32 /* OIDScopeUtilities.h */ = {isa = PBXFileReference; fileEncoding = 4; lastKnownFileType = sourcecode.c.h; name = OIDScopeUtilities.h; path = Okta/AppAuth/OIDScopeUtilities.h; sourceTree = SOURCE_ROOT; };
		A6DEABFD201A16610022AC32 /* OIDTokenRequest.m */ = {isa = PBXFileReference; fileEncoding = 4; lastKnownFileType = sourcecode.c.objc; name = OIDTokenRequest.m; path = Okta/AppAuth/OIDTokenRequest.m; sourceTree = SOURCE_ROOT; };
		A6DEABFE201A16620022AC32 /* OIDAuthState.h */ = {isa = PBXFileReference; fileEncoding = 4; lastKnownFileType = sourcecode.c.h; name = OIDAuthState.h; path = Okta/AppAuth/OIDAuthState.h; sourceTree = SOURCE_ROOT; };
		A6DEABFF201A16620022AC32 /* OIDDefines.h */ = {isa = PBXFileReference; fileEncoding = 4; lastKnownFileType = sourcecode.c.h; name = OIDDefines.h; path = Okta/AppAuth/OIDDefines.h; sourceTree = SOURCE_ROOT; };
		A6DEAC00201A16620022AC32 /* OIDAuthorizationUICoordinator.h */ = {isa = PBXFileReference; fileEncoding = 4; lastKnownFileType = sourcecode.c.h; name = OIDAuthorizationUICoordinator.h; path = Okta/AppAuth/OIDAuthorizationUICoordinator.h; sourceTree = SOURCE_ROOT; };
		A6DEAC01201A16620022AC32 /* OIDAuthStateChangeDelegate.h */ = {isa = PBXFileReference; fileEncoding = 4; lastKnownFileType = sourcecode.c.h; name = OIDAuthStateChangeDelegate.h; path = Okta/AppAuth/OIDAuthStateChangeDelegate.h; sourceTree = SOURCE_ROOT; };
		A6DEAC02201A16630022AC32 /* OIDAuthStateErrorDelegate.h */ = {isa = PBXFileReference; fileEncoding = 4; lastKnownFileType = sourcecode.c.h; name = OIDAuthStateErrorDelegate.h; path = Okta/AppAuth/OIDAuthStateErrorDelegate.h; sourceTree = SOURCE_ROOT; };
		A6DEAC03201A16630022AC32 /* OIDClientMetadataParameters.h */ = {isa = PBXFileReference; fileEncoding = 4; lastKnownFileType = sourcecode.c.h; name = OIDClientMetadataParameters.h; path = Okta/AppAuth/OIDClientMetadataParameters.h; sourceTree = SOURCE_ROOT; };
		A6DEAC04201A16630022AC32 /* OIDClientMetadataParameters.m */ = {isa = PBXFileReference; fileEncoding = 4; lastKnownFileType = sourcecode.c.objc; name = OIDClientMetadataParameters.m; path = Okta/AppAuth/OIDClientMetadataParameters.m; sourceTree = SOURCE_ROOT; };
		A6DEAC19201A16730022AC32 /* OIDAuthorizationService+IOS.h */ = {isa = PBXFileReference; fileEncoding = 4; lastKnownFileType = sourcecode.c.h; name = "OIDAuthorizationService+IOS.h"; path = "Okta/AppAuth/iOS/OIDAuthorizationService+IOS.h"; sourceTree = SOURCE_ROOT; };
		A6DEAC1A201A16730022AC32 /* OIDAuthState+IOS.h */ = {isa = PBXFileReference; fileEncoding = 4; lastKnownFileType = sourcecode.c.h; name = "OIDAuthState+IOS.h"; path = "Okta/AppAuth/iOS/OIDAuthState+IOS.h"; sourceTree = SOURCE_ROOT; };
		A6DEAC1B201A16740022AC32 /* OIDAuthorizationUICoordinatorIOS.m */ = {isa = PBXFileReference; fileEncoding = 4; lastKnownFileType = sourcecode.c.objc; name = OIDAuthorizationUICoordinatorIOS.m; path = Okta/AppAuth/iOS/OIDAuthorizationUICoordinatorIOS.m; sourceTree = SOURCE_ROOT; };
		A6DEAC1C201A16740022AC32 /* OIDAuthState+IOS.m */ = {isa = PBXFileReference; fileEncoding = 4; lastKnownFileType = sourcecode.c.objc; name = "OIDAuthState+IOS.m"; path = "Okta/AppAuth/iOS/OIDAuthState+IOS.m"; sourceTree = SOURCE_ROOT; };
		A6DEAC1D201A16740022AC32 /* OIDAuthorizationService+IOS.m */ = {isa = PBXFileReference; fileEncoding = 4; lastKnownFileType = sourcecode.c.objc; name = "OIDAuthorizationService+IOS.m"; path = "Okta/AppAuth/iOS/OIDAuthorizationService+IOS.m"; sourceTree = SOURCE_ROOT; };
		A6DEAC1E201A16740022AC32 /* OIDAuthorizationUICoordinatorIOS.h */ = {isa = PBXFileReference; fileEncoding = 4; lastKnownFileType = sourcecode.c.h; name = OIDAuthorizationUICoordinatorIOS.h; path = Okta/AppAuth/iOS/OIDAuthorizationUICoordinatorIOS.h; sourceTree = SOURCE_ROOT; };
		B54721B8796F7E4B1803D294 /* OktaAuth.podspec */ = {isa = PBXFileReference; includeInIndex = 1; lastKnownFileType = text; name = OktaAuth.podspec; path = ../OktaAuth.podspec; sourceTree = "<group>"; };
		FAA9C6AEAF6AAF0B483984DE /* LICENSE */ = {isa = PBXFileReference; includeInIndex = 1; lastKnownFileType = text; name = LICENSE; path = ../LICENSE; sourceTree = "<group>"; };
/* End PBXFileReference section */

/* Begin PBXFrameworksBuildPhase section */
		607FACCD1AFB9204008FA782 /* Frameworks */ = {
			isa = PBXFrameworksBuildPhase;
			buildActionMask = 2147483647;
			files = (
			);
			runOnlyForDeploymentPostprocessing = 0;
		};
/* End PBXFrameworksBuildPhase section */

/* Begin PBXGroup section */
		607FACC71AFB9204008FA782 = {
			isa = PBXGroup;
			children = (
				A6DEABD6201A163D0022AC32 /* AppAuth */,
				A6DEABD5201A161D0022AC32 /* Okta */,
				607FACD21AFB9204008FA782 /* Example for Okta-AppAuth */,
				60FB530269A9A0B1F817A30F /* Frameworks */,
				607FACF51AFB993E008FA782 /* Podspec Metadata */,
				607FACD11AFB9204008FA782 /* Products */,
			);
			sourceTree = "<group>";
		};
		607FACD11AFB9204008FA782 /* Products */ = {
			isa = PBXGroup;
			children = (
				607FACD01AFB9204008FA782 /* Okta_Example.app */,
			);
			name = Products;
			sourceTree = "<group>";
		};
		607FACD21AFB9204008FA782 /* Example for Okta-AppAuth */ = {
			isa = PBXGroup;
			children = (
				607FACD51AFB9204008FA782 /* AppDelegate.swift */,
				607FACD71AFB9204008FA782 /* ViewController.swift */,
				A6DEABBC201A132F0022AC32 /* WKWebViewController.swift */,
				607FACD91AFB9204008FA782 /* Main.storyboard */,
				607FACDC1AFB9204008FA782 /* Images.xcassets */,
				607FACDE1AFB9204008FA782 /* LaunchScreen.xib */,
				607FACD31AFB9204008FA782 /* Supporting Files */,
			);
			name = "Example for Okta-AppAuth";
			path = Okta;
			sourceTree = "<group>";
		};
		607FACD31AFB9204008FA782 /* Supporting Files */ = {
			isa = PBXGroup;
			children = (
				607FACD41AFB9204008FA782 /* Info.plist */,
				7169AE1A1EF5EB8B00313EB8 /* Okta.plist */,
				7173E8381F97F10D008BC82A /* Okta-PasswordFlow.plist */,
			);
			name = "Supporting Files";
			sourceTree = "<group>";
		};
		607FACF51AFB993E008FA782 /* Podspec Metadata */ = {
			isa = PBXGroup;
			children = (
				B54721B8796F7E4B1803D294 /* OktaAuth.podspec */,
				373F2D6C1A0A57F307B30B30 /* README.md */,
				FAA9C6AEAF6AAF0B483984DE /* LICENSE */,
			);
			name = "Podspec Metadata";
			sourceTree = "<group>";
		};
		60FB530269A9A0B1F817A30F /* Frameworks */ = {
			isa = PBXGroup;
			children = (
			);
			name = Frameworks;
			sourceTree = "<group>";
		};
		A6DEABD5201A161D0022AC32 /* Okta */ = {
			isa = PBXGroup;
			children = (
				A6DEABC8201A16100022AC32 /* OktaApi.swift */,
				A6DEABC1201A160F0022AC32 /* OktaAppAuth.swift */,
				A6DEABBF201A160E0022AC32 /* OktaAuth.swift */,
				A6DEABC2201A160F0022AC32 /* OktaError.swift */,
				A6DEABC0201A160F0022AC32 /* OktaIntrospection.swift */,
				A6DEABC3201A160F0022AC32 /* OktaKeychain.swift */,
				A6DEABC7201A16100022AC32 /* OktaLogin.swift */,
				A6DEABC6201A16100022AC32 /* OktaRevoke.swift */,
				A6DEABC9201A16110022AC32 /* OktaTokenManager.swift */,
				A6DEABC4201A160F0022AC32 /* OktaUserInfo.swift */,
				A6DEABC5201A16100022AC32 /* OktaUtils.swift */,
			);
			name = Okta;
			path = "New Group";
			sourceTree = "<group>";
		};
		A6DEABD6201A163D0022AC32 /* AppAuth */ = {
			isa = PBXGroup;
			children = (
				A6DEAC19201A16730022AC32 /* OIDAuthorizationService+IOS.h */,
				A6DEAC1D201A16740022AC32 /* OIDAuthorizationService+IOS.m */,
				A6DEAC1E201A16740022AC32 /* OIDAuthorizationUICoordinatorIOS.h */,
				A6DEAC1B201A16740022AC32 /* OIDAuthorizationUICoordinatorIOS.m */,
				A6DEAC1A201A16730022AC32 /* OIDAuthState+IOS.h */,
				A6DEAC1C201A16740022AC32 /* OIDAuthState+IOS.m */,
				A6DEABE5201A165E0022AC32 /* AppAuth.h */,
				A6DEABFB201A16610022AC32 /* OIDAuthorizationRequest.h */,
				A6DEABF6201A16600022AC32 /* OIDAuthorizationRequest.m */,
				A6DEABEC201A165F0022AC32 /* OIDAuthorizationResponse.h */,
				A6DEABD8201A165D0022AC32 /* OIDAuthorizationResponse.m */,
				A6DEABF4201A16600022AC32 /* OIDAuthorizationService.h */,
				A6DEABF1201A165F0022AC32 /* OIDAuthorizationService.m */,
				A6DEAC00201A16620022AC32 /* OIDAuthorizationUICoordinator.h */,
				A6DEABFE201A16620022AC32 /* OIDAuthState.h */,
				A6DEABF9201A16610022AC32 /* OIDAuthState.m */,
				A6DEAC01201A16620022AC32 /* OIDAuthStateChangeDelegate.h */,
				A6DEAC02201A16630022AC32 /* OIDAuthStateErrorDelegate.h */,
				A6DEAC03201A16630022AC32 /* OIDClientMetadataParameters.h */,
				A6DEAC04201A16630022AC32 /* OIDClientMetadataParameters.m */,
				A6DEABFF201A16620022AC32 /* OIDDefines.h */,
				A6DEABE9201A165F0022AC32 /* OIDError.h */,
				A6DEABE1201A165E0022AC32 /* OIDError.m */,
				A6DEABF5201A16600022AC32 /* OIDErrorUtilities.h */,
				A6DEABE3201A165E0022AC32 /* OIDErrorUtilities.m */,
				A6DEABED201A165F0022AC32 /* OIDFieldMapping.h */,
				A6DEABEE201A165F0022AC32 /* OIDFieldMapping.m */,
				A6DEABE2201A165E0022AC32 /* OIDGrantTypes.h */,
				A6DEABE4201A165E0022AC32 /* OIDGrantTypes.m */,
				A6DEABEF201A165F0022AC32 /* OIDRegistrationRequest.h */,
				A6DEABE6201A165E0022AC32 /* OIDRegistrationRequest.m */,
				A6DEABE8201A165E0022AC32 /* OIDRegistrationResponse.h */,
				A6DEABDD201A165D0022AC32 /* OIDRegistrationResponse.m */,
				A6DEABDF201A165E0022AC32 /* OIDResponseTypes.h */,
				A6DEABF7201A16600022AC32 /* OIDResponseTypes.m */,
				A6DEABE0201A165E0022AC32 /* OIDScopes.h */,
				A6DEABF0201A165F0022AC32 /* OIDScopes.m */,
				A6DEABFC201A16610022AC32 /* OIDScopeUtilities.h */,
				A6DEABE7201A165E0022AC32 /* OIDScopeUtilities.m */,
				A6DEABDE201A165D0022AC32 /* OIDServiceConfiguration.h */,
				A6DEABF8201A16610022AC32 /* OIDServiceConfiguration.m */,
				A6DEABFA201A16610022AC32 /* OIDServiceDiscovery.h */,
				A6DEABEB201A165F0022AC32 /* OIDServiceDiscovery.m */,
				A6DEABD9201A165D0022AC32 /* OIDTokenRequest.h */,
				A6DEABFD201A16610022AC32 /* OIDTokenRequest.m */,
				A6DEABDA201A165D0022AC32 /* OIDTokenResponse.h */,
				A6DEABEA201A165F0022AC32 /* OIDTokenResponse.m */,
				A6DEABDB201A165D0022AC32 /* OIDTokenUtilities.h */,
				A6DEABDC201A165D0022AC32 /* OIDTokenUtilities.m */,
				A6DEABF2201A16600022AC32 /* OIDURLQueryComponent.h */,
				A6DEABF3201A16600022AC32 /* OIDURLQueryComponent.m */,
				A6DEABD7201A165D0022AC32 /* Okta_Example-Bridging-Header.h */,
			);
			path = AppAuth;
			sourceTree = "<group>";
		};
/* End PBXGroup section */

/* Begin PBXNativeTarget section */
		607FACCF1AFB9204008FA782 /* Okta_Example */ = {
			isa = PBXNativeTarget;
			buildConfigurationList = 607FACEF1AFB9204008FA782 /* Build configuration list for PBXNativeTarget "Okta_Example" */;
			buildPhases = (
				607FACCC1AFB9204008FA782 /* Sources */,
				607FACCD1AFB9204008FA782 /* Frameworks */,
				607FACCE1AFB9204008FA782 /* Resources */,
			);
			buildRules = (
			);
			dependencies = (
			);
			name = Okta_Example;
			productName = Okta;
			productReference = 607FACD01AFB9204008FA782 /* Okta_Example.app */;
			productType = "com.apple.product-type.application";
		};
/* End PBXNativeTarget section */

/* Begin PBXProject section */
		607FACC81AFB9204008FA782 /* Project object */ = {
			isa = PBXProject;
			attributes = {
				LastSwiftUpdateCheck = 0830;
				LastUpgradeCheck = 0900;
				ORGANIZATIONNAME = Okta;
				TargetAttributes = {
					607FACCF1AFB9204008FA782 = {
						CreatedOnToolsVersion = 6.3.1;
						DevelopmentTeam = 48LC949ZLU;
						LastSwiftMigration = 0920;
						ProvisioningStyle = Automatic;
					};
				};
			};
			buildConfigurationList = 607FACCB1AFB9204008FA782 /* Build configuration list for PBXProject "Okta" */;
			compatibilityVersion = "Xcode 3.2";
			developmentRegion = English;
			hasScannedForEncodings = 0;
			knownRegions = (
				en,
				Base,
			);
			mainGroup = 607FACC71AFB9204008FA782;
			productRefGroup = 607FACD11AFB9204008FA782 /* Products */;
			projectDirPath = "";
			projectRoot = "";
			targets = (
				607FACCF1AFB9204008FA782 /* Okta_Example */,
			);
		};
/* End PBXProject section */

/* Begin PBXResourcesBuildPhase section */
		607FACCE1AFB9204008FA782 /* Resources */ = {
			isa = PBXResourcesBuildPhase;
			buildActionMask = 2147483647;
			files = (
				607FACDB1AFB9204008FA782 /* Main.storyboard in Resources */,
				607FACE01AFB9204008FA782 /* LaunchScreen.xib in Resources */,
				7173E8391F97F10D008BC82A /* Okta-PasswordFlow.plist in Resources */,
				607FACDD1AFB9204008FA782 /* Images.xcassets in Resources */,
				7169AE1B1EF5EB8B00313EB8 /* Okta.plist in Resources */,
			);
			runOnlyForDeploymentPostprocessing = 0;
		};
/* End PBXResourcesBuildPhase section */

/* Begin PBXSourcesBuildPhase section */
		607FACCC1AFB9204008FA782 /* Sources */ = {
			isa = PBXSourcesBuildPhase;
			buildActionMask = 2147483647;
			files = (
				A6DEAC07201A16630022AC32 /* OIDRegistrationResponse.m in Sources */,
				A6DEAC1F201A16740022AC32 /* OIDAuthorizationUICoordinatorIOS.m in Sources */,
				A6DEABCA201A16110022AC32 /* OktaAuth.swift in Sources */,
				A6DEABCB201A16110022AC32 /* OktaIntrospection.swift in Sources */,
				A6DEABCC201A16110022AC32 /* OktaAppAuth.swift in Sources */,
				A6DEAC18201A16630022AC32 /* OIDClientMetadataParameters.m in Sources */,
				A6DEABCD201A16110022AC32 /* OktaError.swift in Sources */,
				A6DEAC21201A16740022AC32 /* OIDAuthorizationService+IOS.m in Sources */,
				A6DEAC15201A16630022AC32 /* OIDServiceConfiguration.m in Sources */,
				A6DEAC0E201A16630022AC32 /* OIDServiceDiscovery.m in Sources */,
				A6DEABCE201A16110022AC32 /* OktaKeychain.swift in Sources */,
				A6DEAC20201A16740022AC32 /* OIDAuthState+IOS.m in Sources */,
				A6DEAC05201A16630022AC32 /* OIDAuthorizationResponse.m in Sources */,
				A6DEABCF201A16110022AC32 /* OktaUserInfo.swift in Sources */,
				A6DEAC09201A16630022AC32 /* OIDErrorUtilities.m in Sources */,
				A6DEAC06201A16630022AC32 /* OIDTokenUtilities.m in Sources */,
				A6DEABD0201A16110022AC32 /* OktaUtils.swift in Sources */,
				A6DEAC0A201A16630022AC32 /* OIDGrantTypes.m in Sources */,
				A6DEAC12201A16630022AC32 /* OIDURLQueryComponent.m in Sources */,
				A6DEAC10201A16630022AC32 /* OIDScopes.m in Sources */,
				A6DEAC0F201A16630022AC32 /* OIDFieldMapping.m in Sources */,
				A6DEABD1201A16110022AC32 /* OktaRevoke.swift in Sources */,
				A6DEABD2201A16110022AC32 /* OktaLogin.swift in Sources */,
				A6DEABD3201A16110022AC32 /* OktaApi.swift in Sources */,
				A6DEABD4201A16110022AC32 /* OktaTokenManager.swift in Sources */,
				A6DEAC0D201A16630022AC32 /* OIDTokenResponse.m in Sources */,
				A6DEABBD201A132F0022AC32 /* WKWebViewController.swift in Sources */,
				A6DEAC08201A16630022AC32 /* OIDError.m in Sources */,
				A6DEAC16201A16630022AC32 /* OIDAuthState.m in Sources */,
				A6DEAC17201A16630022AC32 /* OIDTokenRequest.m in Sources */,
				A6DEAC0C201A16630022AC32 /* OIDScopeUtilities.m in Sources */,
				A6DEAC11201A16630022AC32 /* OIDAuthorizationService.m in Sources */,
				A6DEAC13201A16630022AC32 /* OIDAuthorizationRequest.m in Sources */,
				A6DEAC0B201A16630022AC32 /* OIDRegistrationRequest.m in Sources */,
				A6DEAC14201A16630022AC32 /* OIDResponseTypes.m in Sources */,
				607FACD81AFB9204008FA782 /* ViewController.swift in Sources */,
				607FACD61AFB9204008FA782 /* AppDelegate.swift in Sources */,
			);
			runOnlyForDeploymentPostprocessing = 0;
		};
/* End PBXSourcesBuildPhase section */

/* Begin PBXVariantGroup section */
		607FACD91AFB9204008FA782 /* Main.storyboard */ = {
			isa = PBXVariantGroup;
			children = (
				607FACDA1AFB9204008FA782 /* Base */,
			);
			name = Main.storyboard;
			sourceTree = "<group>";
		};
		607FACDE1AFB9204008FA782 /* LaunchScreen.xib */ = {
			isa = PBXVariantGroup;
			children = (
				607FACDF1AFB9204008FA782 /* Base */,
			);
			name = LaunchScreen.xib;
			sourceTree = "<group>";
		};
/* End PBXVariantGroup section */

/* Begin XCBuildConfiguration section */
		607FACED1AFB9204008FA782 /* Debug */ = {
			isa = XCBuildConfiguration;
			buildSettings = {
				ALWAYS_SEARCH_USER_PATHS = NO;
				CLANG_CXX_LANGUAGE_STANDARD = "gnu++0x";
				CLANG_CXX_LIBRARY = "libc++";
				CLANG_ENABLE_MODULES = YES;
				CLANG_ENABLE_OBJC_ARC = YES;
				CLANG_WARN_BLOCK_CAPTURE_AUTORELEASING = YES;
				CLANG_WARN_BOOL_CONVERSION = YES;
				CLANG_WARN_COMMA = YES;
				CLANG_WARN_CONSTANT_CONVERSION = YES;
				CLANG_WARN_DIRECT_OBJC_ISA_USAGE = YES_ERROR;
				CLANG_WARN_EMPTY_BODY = YES;
				CLANG_WARN_ENUM_CONVERSION = YES;
				CLANG_WARN_INFINITE_RECURSION = YES;
				CLANG_WARN_INT_CONVERSION = YES;
				CLANG_WARN_NON_LITERAL_NULL_CONVERSION = YES;
				CLANG_WARN_OBJC_LITERAL_CONVERSION = YES;
				CLANG_WARN_OBJC_ROOT_CLASS = YES_ERROR;
				CLANG_WARN_RANGE_LOOP_ANALYSIS = YES;
				CLANG_WARN_STRICT_PROTOTYPES = YES;
				CLANG_WARN_SUSPICIOUS_MOVE = YES;
				CLANG_WARN_UNREACHABLE_CODE = YES;
				CLANG_WARN__DUPLICATE_METHOD_MATCH = YES;
				"CODE_SIGN_IDENTITY[sdk=iphoneos*]" = "iPhone Developer";
				COPY_PHASE_STRIP = NO;
				DEBUG_INFORMATION_FORMAT = "dwarf-with-dsym";
				ENABLE_STRICT_OBJC_MSGSEND = YES;
				ENABLE_TESTABILITY = YES;
				GCC_C_LANGUAGE_STANDARD = gnu99;
				GCC_DYNAMIC_NO_PIC = NO;
				GCC_NO_COMMON_BLOCKS = YES;
				GCC_OPTIMIZATION_LEVEL = 0;
				GCC_PREPROCESSOR_DEFINITIONS = (
					"DEBUG=1",
					"$(inherited)",
				);
				GCC_SYMBOLS_PRIVATE_EXTERN = NO;
				GCC_WARN_64_TO_32_BIT_CONVERSION = YES;
				GCC_WARN_ABOUT_RETURN_TYPE = YES_ERROR;
				GCC_WARN_UNDECLARED_SELECTOR = YES;
				GCC_WARN_UNINITIALIZED_AUTOS = YES_AGGRESSIVE;
				GCC_WARN_UNUSED_FUNCTION = YES;
				GCC_WARN_UNUSED_VARIABLE = YES;
				IPHONEOS_DEPLOYMENT_TARGET = 9.0;
				LD_RUNPATH_SEARCH_PATHS = "";
				MTL_ENABLE_DEBUG_INFO = YES;
				ONLY_ACTIVE_ARCH = YES;
				SDKROOT = iphoneos;
				SWIFT_OPTIMIZATION_LEVEL = "-Onone";
				SWIFT_VERSION = 3.0;
			};
			name = Debug;
		};
		607FACEE1AFB9204008FA782 /* Release */ = {
			isa = XCBuildConfiguration;
			buildSettings = {
				ALWAYS_SEARCH_USER_PATHS = NO;
				CLANG_CXX_LANGUAGE_STANDARD = "gnu++0x";
				CLANG_CXX_LIBRARY = "libc++";
				CLANG_ENABLE_MODULES = YES;
				CLANG_ENABLE_OBJC_ARC = YES;
				CLANG_WARN_BLOCK_CAPTURE_AUTORELEASING = YES;
				CLANG_WARN_BOOL_CONVERSION = YES;
				CLANG_WARN_COMMA = YES;
				CLANG_WARN_CONSTANT_CONVERSION = YES;
				CLANG_WARN_DIRECT_OBJC_ISA_USAGE = YES_ERROR;
				CLANG_WARN_EMPTY_BODY = YES;
				CLANG_WARN_ENUM_CONVERSION = YES;
				CLANG_WARN_INFINITE_RECURSION = YES;
				CLANG_WARN_INT_CONVERSION = YES;
				CLANG_WARN_NON_LITERAL_NULL_CONVERSION = YES;
				CLANG_WARN_OBJC_LITERAL_CONVERSION = YES;
				CLANG_WARN_OBJC_ROOT_CLASS = YES_ERROR;
				CLANG_WARN_RANGE_LOOP_ANALYSIS = YES;
				CLANG_WARN_STRICT_PROTOTYPES = YES;
				CLANG_WARN_SUSPICIOUS_MOVE = YES;
				CLANG_WARN_UNREACHABLE_CODE = YES;
				CLANG_WARN__DUPLICATE_METHOD_MATCH = YES;
				"CODE_SIGN_IDENTITY[sdk=iphoneos*]" = "iPhone Developer";
				COPY_PHASE_STRIP = NO;
				DEBUG_INFORMATION_FORMAT = "dwarf-with-dsym";
				ENABLE_NS_ASSERTIONS = NO;
				ENABLE_STRICT_OBJC_MSGSEND = YES;
				GCC_C_LANGUAGE_STANDARD = gnu99;
				GCC_NO_COMMON_BLOCKS = YES;
				GCC_WARN_64_TO_32_BIT_CONVERSION = YES;
				GCC_WARN_ABOUT_RETURN_TYPE = YES_ERROR;
				GCC_WARN_UNDECLARED_SELECTOR = YES;
				GCC_WARN_UNINITIALIZED_AUTOS = YES_AGGRESSIVE;
				GCC_WARN_UNUSED_FUNCTION = YES;
				GCC_WARN_UNUSED_VARIABLE = YES;
				IPHONEOS_DEPLOYMENT_TARGET = 9.0;
				LD_RUNPATH_SEARCH_PATHS = "";
				MTL_ENABLE_DEBUG_INFO = NO;
				SDKROOT = iphoneos;
				SWIFT_OPTIMIZATION_LEVEL = "-Owholemodule";
				SWIFT_VERSION = 3.0;
				VALIDATE_PRODUCT = YES;
			};
			name = Release;
		};
		607FACF01AFB9204008FA782 /* Debug */ = {
			isa = XCBuildConfiguration;
			buildSettings = {
				ASSETCATALOG_COMPILER_APPICON_NAME = AppIcon;
				CLANG_ENABLE_MODULES = YES;
				"CODE_SIGN_IDENTITY[sdk=iphoneos*]" = "iPhone Developer";
				CODE_SIGN_STYLE = Automatic;
				DEVELOPMENT_TEAM = 48LC949ZLU;
				FRAMEWORK_SEARCH_PATHS = (
					"$(inherited)",
					"$(PROJECT_DIR)/build/Debug-iphoneos/AppAuth",
					"$(PROJECT_DIR)/build/Debug-iphoneos",
				);
				INFOPLIST_FILE = Okta/Info.plist;
				IPHONEOS_DEPLOYMENT_TARGET = 9.0;
				LD_RUNPATH_SEARCH_PATHS = "$(inherited) @executable_path/Frameworks";
				MODULE_NAME = ExampleApp;
				PRODUCT_BUNDLE_IDENTIFIER = com.vivint.RetailGenie;
				PRODUCT_NAME = "$(TARGET_NAME)";
				PROVISIONING_PROFILE_SPECIFIER = "";
				SWIFT_OBJC_BRIDGING_HEADER = "AppAuth/Okta_Example-Bridging-Header.h";
				SWIFT_OPTIMIZATION_LEVEL = "-Onone";
				SWIFT_SWIFT3_OBJC_INFERENCE = On;
				SWIFT_VERSION = 3.0;
			};
			name = Debug;
		};
		607FACF11AFB9204008FA782 /* Release */ = {
			isa = XCBuildConfiguration;
			buildSettings = {
				ASSETCATALOG_COMPILER_APPICON_NAME = AppIcon;
				CLANG_ENABLE_MODULES = YES;
				"CODE_SIGN_IDENTITY[sdk=iphoneos*]" = "iPhone Developer";
				CODE_SIGN_STYLE = Automatic;
				DEVELOPMENT_TEAM = 48LC949ZLU;
				FRAMEWORK_SEARCH_PATHS = (
					"$(inherited)",
					"$(PROJECT_DIR)/build/Debug-iphoneos/AppAuth",
					"$(PROJECT_DIR)/build/Debug-iphoneos",
				);
				INFOPLIST_FILE = Okta/Info.plist;
				IPHONEOS_DEPLOYMENT_TARGET = 9.0;
				LD_RUNPATH_SEARCH_PATHS = "$(inherited) @executable_path/Frameworks";
				MODULE_NAME = ExampleApp;
				PRODUCT_BUNDLE_IDENTIFIER = com.vivint.RetailGenie;
				PRODUCT_NAME = "$(TARGET_NAME)";
				PROVISIONING_PROFILE_SPECIFIER = "";
				SWIFT_OBJC_BRIDGING_HEADER = "AppAuth/Okta_Example-Bridging-Header.h";
				SWIFT_SWIFT3_OBJC_INFERENCE = On;
				SWIFT_VERSION = 3.0;
			};
			name = Release;
		};
/* End XCBuildConfiguration section */

/* Begin XCConfigurationList section */
		607FACCB1AFB9204008FA782 /* Build configuration list for PBXProject "Okta" */ = {
			isa = XCConfigurationList;
			buildConfigurations = (
				607FACED1AFB9204008FA782 /* Debug */,
				607FACEE1AFB9204008FA782 /* Release */,
			);
			defaultConfigurationIsVisible = 0;
			defaultConfigurationName = Release;
		};
		607FACEF1AFB9204008FA782 /* Build configuration list for PBXNativeTarget "Okta_Example" */ = {
			isa = XCConfigurationList;
			buildConfigurations = (
				607FACF01AFB9204008FA782 /* Debug */,
				607FACF11AFB9204008FA782 /* Release */,
			);
			defaultConfigurationIsVisible = 0;
			defaultConfigurationName = Release;
		};
/* End XCConfigurationList section */
	};
	rootObject = 607FACC81AFB9204008FA782 /* Project object */;
}
